<?xml version="1.0" encoding="utf-8"?>
<Project ToolsVersion="4.0" xmlns="http://schemas.microsoft.com/developer/msbuild/2003">
  <ItemGroup>
    <ClCompile Include="Main.cpp" />
  </ItemGroup>
  <ItemGroup>
    <ClInclude Include="xx_data.h" />
    <ClInclude Include="xx_data_view.h" />
    <ClInclude Include="xx_ispod.h" />
    <ClInclude Include="xx_math.h" />
    <ClInclude Include="Pathway_class_lite.h" />
    <ClInclude Include="xx_point.h" />
  </ItemGroup>
  <ItemGroup>
    <None Include="Pathway.cs" />
  </ItemGroup>
</Project>