<?xml version="1.0" encoding="utf-8"?>
<Project ToolsVersion="4.0" xmlns="http://schemas.microsoft.com/developer/msbuild/2003">
  <ItemGroup>
    <ClCompile Include="Main.cpp" />
    <ClCompile Include="Pathway_class_lite.cpp" />
    <ClCompile Include="FrameBase.cpp" />
    <ClCompile Include="PointButton.cpp" />
    <ClCompile Include="Frame.cpp" />
    <ClCompile Include="DialogNewProject.cpp" />
    <ClCompile Include="DialogGroup.cpp" />
  </ItemGroup>
  <ItemGroup>
    <ClInclude Include="xx_data.h" />
    <ClInclude Include="xx_math.h" />
    <ClInclude Include="Pathway_class_lite.h" />
    <ClInclude Include="xx_datareader.h" />
    <ClInclude Include="xx_typetraits.h" />
    <ClInclude Include="xx_file.h" />
    <ClInclude Include="fixed_function.hpp" />
    <ClInclude Include="xx_scopeguard.h" />
    <ClInclude Include="FrameBase.h" />
    <ClInclude Include="PointButton.h" />
    <ClInclude Include="Algorithm.hpp" />
    <ClInclude Include="Frame.h" />
    <ClInclude Include="GridHelpers.hpp" />
    <ClInclude Include="DialogGroup.h" />
    <ClInclude Include="DialogNewProject.h" />
  </ItemGroup>
  <ItemGroup>
    <None Include="Pathway.cs" />
    <None Include="Pathway_class_lite.h.inc" />
    <None Include="Pathway_class_lite.cpp.inc" />
    <None Include="Pathway_Point.inc" />
  </ItemGroup>
</Project>